
Microsoft Visual Studio Solution File, Format Version 12.00
# Visual Studio 14
VisualStudioVersion = 14.0.25420.1
MinimumVisualStudioVersion = 10.0.40219.1
Project("{FAE04EC0-301F-11D3-BF4B-00C04F79EFBC}") = "ScoreCrawForm", "ScoreCrawForm\ScoreCrawForm.csproj", "{23A3D0B4-AC31-49D5-9DA9-89F6AE7C67C3}"
EndProject
Project("{FAE04EC0-301F-11D3-BF4B-00C04F79EFBC}") = "IEfunction", "..\ScroeCraw\IE\IEfunction.csproj", "{ECEE4BC1-298E-4C1F-B23F-098C41973050}"
EndProject
Project("{FAE04EC0-301F-11D3-BF4B-00C04F79EFBC}") = "ExcelFunction", "..\ScroeCraw\ExcelFunction\ExcelFunction.csproj", "{743A5ABD-6934-4EE0-A053-D0987D90D3E3}"
EndProject
Project("{FAE04EC0-301F-11D3-BF4B-00C04F79EFBC}") = "HandlingFunction", "HandlingFunction\HandlingFunction.csproj", "{E4FC2E05-E737-4D34-B80C-91988531737F}"
EndProject
Global
	GlobalSection(SolutionConfigurationPlatforms) = preSolution
		Debug|Any CPU = Debug|Any CPU
		Release|Any CPU = Release|Any CPU
	EndGlobalSection
	GlobalSection(ProjectConfigurationPlatforms) = postSolution
		{23A3D0B4-AC31-49D5-9DA9-89F6AE7C67C3}.Debug|Any CPU.ActiveCfg = Debug|Any CPU
		{23A3D0B4-AC31-49D5-9DA9-89F6AE7C67C3}.Debug|Any CPU.Build.0 = Debug|Any CPU
		{23A3D0B4-AC31-49D5-9DA9-89F6AE7C67C3}.Release|Any CPU.ActiveCfg = Release|Any CPU
		{23A3D0B4-AC31-49D5-9DA9-89F6AE7C67C3}.Release|Any CPU.Build.0 = Release|Any CPU
		{ECEE4BC1-298E-4C1F-B23F-098C41973050}.Debug|Any CPU.ActiveCfg = Debug|Any CPU
		{ECEE4BC1-298E-4C1F-B23F-098C41973050}.Debug|Any CPU.Build.0 = Debug|Any CPU
		{ECEE4BC1-298E-4C1F-B23F-098C41973050}.Release|Any CPU.ActiveCfg = Release|Any CPU
		{ECEE4BC1-298E-4C1F-B23F-098C41973050}.Release|Any CPU.Build.0 = Release|Any CPU
		{743A5ABD-6934-4EE0-A053-D0987D90D3E3}.Debug|Any CPU.ActiveCfg = Debug|Any CPU
		{743A5ABD-6934-4EE0-A053-D0987D90D3E3}.Debug|Any CPU.Build.0 = Debug|Any CPU
		{743A5ABD-6934-4EE0-A053-D0987D90D3E3}.Release|Any CPU.ActiveCfg = Release|Any CPU
		{743A5ABD-6934-4EE0-A053-D0987D90D3E3}.Release|Any CPU.Build.0 = Release|Any CPU
		{E4FC2E05-E737-4D34-B80C-91988531737F}.Debug|Any CPU.ActiveCfg = Debug|Any CPU
		{E4FC2E05-E737-4D34-B80C-91988531737F}.Debug|Any CPU.Build.0 = Debug|Any CPU
		{E4FC2E05-E737-4D34-B80C-91988531737F}.Release|Any CPU.ActiveCfg = Release|Any CPU
		{E4FC2E05-E737-4D34-B80C-91988531737F}.Release|Any CPU.Build.0 = Release|Any CPU
	EndGlobalSection
	GlobalSection(SolutionProperties) = preSolution
		HideSolutionNode = FALSE
	EndGlobalSection
EndGlobal
